{
  "name": "se",
  "version": "1.0.0",
  "lockfileVersion": 1,
  "requires": true,
  "dependencies": {
    "@yaireo/tagify": {
      "version": "3.6.3",
      "resolved": "https://registry.npmjs.org/@yaireo/tagify/-/tagify-3.6.3.tgz",
      "integrity": "sha512-u+hP5crhs1UruOP8kJTyCz0gEDvscU+VNrQevHdhrgkPTeDDR4VrJzm0RohtnMOQAZt1mXgkLQa9ijQCcrYOiQ=="
    }
  }
}
